Microsoft Visual Studio Solution File, Format Version 12.00
# Visual Studio Version 17
VisualStudioVersion = 17.5.2.0
MinimumVisualStudioVersion = 10.0.40219.1
Project("{FAE04EC0-301F-11D3-BF4B-00C04F79EFBC}") = "P5_WebApi", "P5_WebApi.csproj", "{951344E2-E572-D2F8-33A3-5ECA32840FF8}"
EndProject
Global
	GlobalSection(SolutionConfigurationPlatforms) = preSolution
		Debug|Any CPU = Debug|Any CPU
		Release|Any CPU = Release|Any CPU
	EndGlobalSection
	GlobalSection(ProjectConfigurationPlatforms) = postSolution
		{951344E2-E572-D2F8-33A3-5ECA32840FF8}.Debug|Any CPU.ActiveCfg = Debug|Any CPU
		{951344E2-E572-D2F8-33A3-5ECA32840FF8}.Debug|Any CPU.Build.0 = Debug|Any CPU
		{951344E2-E572-D2F8-33A3-5ECA32840FF8}.Release|Any CPU.ActiveCfg = Release|Any CPU
		{951344E2-E572-D2F8-33A3-5ECA32840FF8}.Release|Any CPU.Build.0 = Release|Any CPU
	EndGlobalSection
	GlobalSection(SolutionProperties) = preSolution
		HideSolutionNode = FALSE
	EndGlobalSection
	GlobalSection(ExtensibilityGlobals) = postSolution
		SolutionGuid = {8E49460E-5760-4312-9C12-38FC96867CE5}
	EndGlobalSection
EndGlobal
