Microsoft Visual Studio Solution File, Format Version 12.00
# Visual Studio Version 17
VisualStudioVersion = 17.5.2.0
MinimumVisualStudioVersion = 10.0.40219.1
Project("{FAE04EC0-301F-11D3-BF4B-00C04F79EFBC}") = "WebApplication1", "p2webmvc\WebApplication1.csproj", "{350E6895-8F3B-7F8A-B2F9-5D6886606163}"
EndProject
Global
	GlobalSection(SolutionConfigurationPlatforms) = preSolution
		Debug|Any CPU = Debug|Any CPU
		Release|Any CPU = Release|Any CPU
	EndGlobalSection
	GlobalSection(ProjectConfigurationPlatforms) = postSolution
		{350E6895-8F3B-7F8A-B2F9-5D6886606163}.Debug|Any CPU.ActiveCfg = Debug|Any CPU
		{350E6895-8F3B-7F8A-B2F9-5D6886606163}.Debug|Any CPU.Build.0 = Debug|Any CPU
		{350E6895-8F3B-7F8A-B2F9-5D6886606163}.Release|Any CPU.ActiveCfg = Release|Any CPU
		{350E6895-8F3B-7F8A-B2F9-5D6886606163}.Release|Any CPU.Build.0 = Release|Any CPU
	EndGlobalSection
	GlobalSection(SolutionProperties) = preSolution
		HideSolutionNode = FALSE
	EndGlobalSection
	GlobalSection(ExtensibilityGlobals) = postSolution
		SolutionGuid = {DFC468BB-DB35-48E1-8BDA-390C5EBDBC7F}
	EndGlobalSection
EndGlobal
