Microsoft Visual Studio Solution File, Format Version 12.00
# Visual Studio Version 17
VisualStudioVersion = 17.5.2.0
MinimumVisualStudioVersion = 10.0.40219.1
Project("{FAE04EC0-301F-11D3-BF4B-00C04F79EFBC}") = "P0_Library", "P0_Library.csproj", "{48C96D7C-1CAF-7235-B2C0-373127AC1408}"
EndProject
Global
	GlobalSection(SolutionConfigurationPlatforms) = preSolution
		Debug|Any CPU = Debug|Any CPU
		Release|Any CPU = Release|Any CPU
	EndGlobalSection
	GlobalSection(ProjectConfigurationPlatforms) = postSolution
		{48C96D7C-1CAF-7235-B2C0-373127AC1408}.Debug|Any CPU.ActiveCfg = Debug|Any CPU
		{48C96D7C-1CAF-7235-B2C0-373127AC1408}.Debug|Any CPU.Build.0 = Debug|Any CPU
		{48C96D7C-1CAF-7235-B2C0-373127AC1408}.Release|Any CPU.ActiveCfg = Release|Any CPU
		{48C96D7C-1CAF-7235-B2C0-373127AC1408}.Release|Any CPU.Build.0 = Release|Any CPU
	EndGlobalSection
	GlobalSection(SolutionProperties) = preSolution
		HideSolutionNode = FALSE
	EndGlobalSection
	GlobalSection(ExtensibilityGlobals) = postSolution
		SolutionGuid = {78225903-3ECC-4FAF-B3DF-7DA1ECD00A26}
	EndGlobalSection
EndGlobal
